{
	"name": "calcblock",
	"version": "1.0.0",
	"lockfileVersion": 1,
	"requires": true,
	"dependencies": {
		"@wordpress/prettier-config": {
			"version": "1.1.1",
			"resolved": "https://registry.npmjs.org/@wordpress/prettier-config/-/prettier-config-1.1.1.tgz",
			"integrity": "sha512-qjpBK5KB2ieCLv+1fGNKRW4urf5tFN1eUn3Qy+JINxNwAx6Jj9uhfXA4AldCSnD+WkzsN2UgBvgAj5/SWwzRZQ==",
			"dev": true
		},
		"prettier": {
			"version": "npm:wp-prettier@2.2.1-beta-1",
			"resolved": "https://registry.npmjs.org/wp-prettier/-/wp-prettier-2.2.1-beta-1.tgz",
			"integrity": "sha512-+JHkqs9LC/JPp51yy1hzs3lQ7qeuWCwOcSzpQNeeY/G7oSpnF61vxt7hRh87zNRTr6ob2ndy0W8rVzhgrcA+Gw==",
			"dev": true
		}
	}
}
